
Microsoft Visual Studio Solution File, Format Version 12.00
Project("{FAE04EC0-301F-11D3-BF4B-00C04F79EFBC}") = "PoliNetwork.Graduatorie.Parser", "PoliNetwork.Graduatorie.Parser\PoliNetwork.Graduatorie.Parser.csproj", "{D5781B33-5012-43BB-8435-7C59ED85C05B}"
EndProject
Project("{FAE04EC0-301F-11D3-BF4B-00C04F79EFBC}") = "PoliNetwork.Core", "Lib_CSharp\PoliNetwork.Core\PoliNetwork.Core.csproj", "{8EB36C8E-4708-44A6-9462-9C4C20EC81C2}"
EndProject
Project("{FAE04EC0-301F-11D3-BF4B-00C04F79EFBC}") = "PoliNetwork.Graduatorie.Common", "PoliNetwork.Graduatorie.Common\PoliNetwork.Graduatorie.Common.csproj", "{DE251EE3-3387-4223-B0FF-1A0AAEDA2E65}"
EndProject
Project("{FAE04EC0-301F-11D3-BF4B-00C04F79EFBC}") = "PoliNetwork.Graduatorie.Scraper", "PoliNetwork.Graduatorie.Scraper\PoliNetwork.Graduatorie.Scraper.csproj", "{D3FA9700-AD38-4FB2-8093-6614B845BC4D}"
EndProject
Global
	GlobalSection(SolutionConfigurationPlatforms) = preSolution
		Debug|Any CPU = Debug|Any CPU
		Release|Any CPU = Release|Any CPU
	EndGlobalSection
	GlobalSection(ProjectConfigurationPlatforms) = postSolution
		{D5781B33-5012-43BB-8435-7C59ED85C05B}.Debug|Any CPU.ActiveCfg = Debug|Any CPU
		{D5781B33-5012-43BB-8435-7C59ED85C05B}.Debug|Any CPU.Build.0 = Debug|Any CPU
		{D5781B33-5012-43BB-8435-7C59ED85C05B}.Release|Any CPU.ActiveCfg = Release|Any CPU
		{D5781B33-5012-43BB-8435-7C59ED85C05B}.Release|Any CPU.Build.0 = Release|Any CPU
		{8EB36C8E-4708-44A6-9462-9C4C20EC81C2}.Debug|Any CPU.ActiveCfg = Debug|Any CPU
		{8EB36C8E-4708-44A6-9462-9C4C20EC81C2}.Debug|Any CPU.Build.0 = Debug|Any CPU
		{8EB36C8E-4708-44A6-9462-9C4C20EC81C2}.Release|Any CPU.ActiveCfg = Release|Any CPU
		{8EB36C8E-4708-44A6-9462-9C4C20EC81C2}.Release|Any CPU.Build.0 = Release|Any CPU
		{DE251EE3-3387-4223-B0FF-1A0AAEDA2E65}.Debug|Any CPU.ActiveCfg = Debug|Any CPU
		{DE251EE3-3387-4223-B0FF-1A0AAEDA2E65}.Debug|Any CPU.Build.0 = Debug|Any CPU
		{DE251EE3-3387-4223-B0FF-1A0AAEDA2E65}.Release|Any CPU.ActiveCfg = Release|Any CPU
		{DE251EE3-3387-4223-B0FF-1A0AAEDA2E65}.Release|Any CPU.Build.0 = Release|Any CPU
		{D3FA9700-AD38-4FB2-8093-6614B845BC4D}.Debug|Any CPU.ActiveCfg = Debug|Any CPU
		{D3FA9700-AD38-4FB2-8093-6614B845BC4D}.Debug|Any CPU.Build.0 = Debug|Any CPU
		{D3FA9700-AD38-4FB2-8093-6614B845BC4D}.Release|Any CPU.ActiveCfg = Release|Any CPU
		{D3FA9700-AD38-4FB2-8093-6614B845BC4D}.Release|Any CPU.Build.0 = Release|Any CPU
	EndGlobalSection
EndGlobal
